
Microsoft Visual Studio Solution File, Format Version 12.00
# Visual Studio Version 16
VisualStudioVersion = 16.0.32002.261
MinimumVisualStudioVersion = 10.0.40219.1
Project("{FAE04EC0-301F-11D3-BF4B-00C04F79EFBC}") = "Lab4", "Lab4\Lab4.csproj", "{612A063E-AFD9-4954-98EB-0643B139E7F5}"
EndProject
Global
	GlobalSection(SolutionConfigurationPlatforms) = preSolution
		Debug|Any CPU = Debug|Any CPU
		Release|Any CPU = Release|Any CPU
	EndGlobalSection
	GlobalSection(ProjectConfigurationPlatforms) = postSolution
		{612A063E-AFD9-4954-98EB-0643B139E7F5}.Debug|Any CPU.ActiveCfg = Debug|Any CPU
		{612A063E-AFD9-4954-98EB-0643B139E7F5}.Debug|Any CPU.Build.0 = Debug|Any CPU
		{612A063E-AFD9-4954-98EB-0643B139E7F5}.Release|Any CPU.ActiveCfg = Release|Any CPU
		{612A063E-AFD9-4954-98EB-0643B139E7F5}.Release|Any CPU.Build.0 = Release|Any CPU
	EndGlobalSection
	GlobalSection(SolutionProperties) = preSolution
		HideSolutionNode = FALSE
	EndGlobalSection
	GlobalSection(ExtensibilityGlobals) = postSolution
		SolutionGuid = {BDCE072E-A999-4E4D-8B76-F05E30EF0E7D}
	EndGlobalSection
EndGlobal
