
Microsoft Visual Studio Solution File, Format Version 12.00
# Visual Studio Version 16
VisualStudioVersion = 16.0.32002.261
MinimumVisualStudioVersion = 10.0.40219.1
Project("{FAE04EC0-301F-11D3-BF4B-00C04F79EFBC}") = "Lab6", "Lab6\Lab6.csproj", "{EB934E7F-B57F-4635-88BB-AE6CEB58CE2F}"
EndProject
Global
	GlobalSection(SolutionConfigurationPlatforms) = preSolution
		Debug|Any CPU = Debug|Any CPU
		Release|Any CPU = Release|Any CPU
	EndGlobalSection
	GlobalSection(ProjectConfigurationPlatforms) = postSolution
		{EB934E7F-B57F-4635-88BB-AE6CEB58CE2F}.Debug|Any CPU.ActiveCfg = Debug|Any CPU
		{EB934E7F-B57F-4635-88BB-AE6CEB58CE2F}.Debug|Any CPU.Build.0 = Debug|Any CPU
		{EB934E7F-B57F-4635-88BB-AE6CEB58CE2F}.Release|Any CPU.ActiveCfg = Release|Any CPU
		{EB934E7F-B57F-4635-88BB-AE6CEB58CE2F}.Release|Any CPU.Build.0 = Release|Any CPU
	EndGlobalSection
	GlobalSection(SolutionProperties) = preSolution
		HideSolutionNode = FALSE
	EndGlobalSection
	GlobalSection(ExtensibilityGlobals) = postSolution
		SolutionGuid = {0D3FE5BD-12CE-46DB-ABBA-0F703D26A425}
	EndGlobalSection
EndGlobal
